
Microsoft Visual Studio Solution File, Format Version 12.00
# Visual Studio 15
VisualStudioVersion = 15.0.28307.779
MinimumVisualStudioVersion = 10.0.40219.1
Project("{FAE04EC0-301F-11D3-BF4B-00C04F79EFBC}") = "HadimkoyMarmarisBufe", "HadimkoyMarmarisBufe\HadimkoyMarmarisBufe.csproj", "{15894861-01B4-4C9A-BDD1-4FD66FDDCE65}"
EndProject
Global
	GlobalSection(SolutionConfigurationPlatforms) = preSolution
		Debug|Any CPU = Debug|Any CPU
		Release|Any CPU = Release|Any CPU
	EndGlobalSection
	GlobalSection(ProjectConfigurationPlatforms) = postSolution
		{15894861-01B4-4C9A-BDD1-4FD66FDDCE65}.Debug|Any CPU.ActiveCfg = Debug|Any CPU
		{15894861-01B4-4C9A-BDD1-4FD66FDDCE65}.Debug|Any CPU.Build.0 = Debug|Any CPU
		{15894861-01B4-4C9A-BDD1-4FD66FDDCE65}.Release|Any CPU.ActiveCfg = Release|Any CPU
		{15894861-01B4-4C9A-BDD1-4FD66FDDCE65}.Release|Any CPU.Build.0 = Release|Any CPU
	EndGlobalSection
	GlobalSection(SolutionProperties) = preSolution
		HideSolutionNode = FALSE
	EndGlobalSection
	GlobalSection(ExtensibilityGlobals) = postSolution
		SolutionGuid = {D5ED3260-9747-454D-97AB-604419C47A70}
	EndGlobalSection
EndGlobal
